
Microsoft Visual Studio Solution File, Format Version 12.00
# Visual Studio Version 16
VisualStudioVersion = 16.0.31624.102
MinimumVisualStudioVersion = 10.0.40219.1
Project("{FAE04EC0-301F-11D3-BF4B-00C04F79EFBC}") = "LenguajesIV_ProjectoFinal.Android", "LenguajesIV_ProjectoFinal.Android\LenguajesIV_ProjectoFinal.Android.csproj", "{2009759F-F341-4BA0-A35E-9DB313A8C813}"
EndProject
Project("{FAE04EC0-301F-11D3-BF4B-00C04F79EFBC}") = "LenguajesIV_ProjectoFinal", "LenguajesIV_ProjectoFinal\LenguajesIV_ProjectoFinal.csproj", "{42EAE257-22EB-4F44-A3B7-A49725F1E7F0}"
EndProject
Global
	GlobalSection(SolutionConfigurationPlatforms) = preSolution
		Debug|Any CPU = Debug|Any CPU
		Release|Any CPU = Release|Any CPU
	EndGlobalSection
	GlobalSection(ProjectConfigurationPlatforms) = postSolution
		{2009759F-F341-4BA0-A35E-9DB313A8C813}.Debug|Any CPU.ActiveCfg = Debug|Any CPU
		{2009759F-F341-4BA0-A35E-9DB313A8C813}.Debug|Any CPU.Build.0 = Debug|Any CPU
		{2009759F-F341-4BA0-A35E-9DB313A8C813}.Debug|Any CPU.Deploy.0 = Debug|Any CPU
		{2009759F-F341-4BA0-A35E-9DB313A8C813}.Release|Any CPU.ActiveCfg = Release|Any CPU
		{2009759F-F341-4BA0-A35E-9DB313A8C813}.Release|Any CPU.Build.0 = Release|Any CPU
		{2009759F-F341-4BA0-A35E-9DB313A8C813}.Release|Any CPU.Deploy.0 = Release|Any CPU
		{42EAE257-22EB-4F44-A3B7-A49725F1E7F0}.Debug|Any CPU.ActiveCfg = Debug|Any CPU
		{42EAE257-22EB-4F44-A3B7-A49725F1E7F0}.Debug|Any CPU.Build.0 = Debug|Any CPU
		{42EAE257-22EB-4F44-A3B7-A49725F1E7F0}.Debug|Any CPU.Deploy.0 = Debug|Any CPU
		{42EAE257-22EB-4F44-A3B7-A49725F1E7F0}.Release|Any CPU.ActiveCfg = Release|Any CPU
		{42EAE257-22EB-4F44-A3B7-A49725F1E7F0}.Release|Any CPU.Build.0 = Release|Any CPU
		{42EAE257-22EB-4F44-A3B7-A49725F1E7F0}.Release|Any CPU.Deploy.0 = Release|Any CPU
	EndGlobalSection
	GlobalSection(SolutionProperties) = preSolution
		HideSolutionNode = FALSE
	EndGlobalSection
	GlobalSection(ExtensibilityGlobals) = postSolution
		SolutionGuid = {C497811E-5B01-4E05-BE88-CF425740A5BF}
	EndGlobalSection
EndGlobal
